
Microsoft Visual Studio Solution File, Format Version 11.00
# Visual Studio 2010
Project("{FAE04EC0-301F-11D3-BF4B-00C04F79EFBC}") = "Assembly-CSharp", "Assembly-CSharp.csproj", "{cc28ec00-a888-39f7-cf4a-75b360ff8326}"
EndProject
Project("{FAE04EC0-301F-11D3-BF4B-00C04F79EFBC}") = "Assembly-CSharp-Editor", "Assembly-CSharp-Editor.csproj", "{e2fa5300-fda5-cf52-b0e7-225a9e81308b}"
EndProject
Global
	GlobalSection(SolutionConfigurationPlatforms) = preSolution
		Debug|Any CPU = Debug|Any CPU
	EndGlobalSection
	GlobalSection(ProjectConfigurationPlatforms) = postSolution
		{cc28ec00-a888-39f7-cf4a-75b360ff8326}.Debug|Any CPU.ActiveCfg = Debug|Any CPU
		{cc28ec00-a888-39f7-cf4a-75b360ff8326}.Debug|Any CPU.Build.0 = Debug|Any CPU
		{e2fa5300-fda5-cf52-b0e7-225a9e81308b}.Debug|Any CPU.ActiveCfg = Debug|Any CPU
		{e2fa5300-fda5-cf52-b0e7-225a9e81308b}.Debug|Any CPU.Build.0 = Debug|Any CPU
	EndGlobalSection
	GlobalSection(SolutionProperties) = preSolution
		HideSolutionNode = FALSE
	EndGlobalSection
EndGlobal
